{
  "name": "neetcodeALL",
  "version": "1.0.0",
  "lockfileVersion": 3,
  "requires": true,
  "packages": {
    "": {
      "name": "neetcodeALL",
      "version": "1.0.0",
      "dependencies": {
        "datastructures-js": "^13.0.0",
        "lodash": "^4.17.21"
      },
      "devDependencies": {
        "@types/lodash": "^4.17.20",
        "typescript": "^5.5.3"
      }
    },
    "node_modules/@datastructures-js/binary-search-tree": {
      "version": "5.3.3",
      "resolved": "https://registry.npmjs.org/@datastructures-js/binary-search-tree/-/binary-search-tree-5.3.3.tgz",
      "integrity": "sha512-khHe29zQDe+CVFJy5u3h0J2xnlLtZAuXbBVqUormwD75CQKQdGbuXKJk+sTWrfaVgQRcwn0ahMzKwOgQ1pYAeg==",
      "license": "MIT"
    },
    "node_modules/@datastructures-js/deque": {
      "version": "1.0.6",
      "resolved": "https://registry.npmjs.org/@datastructures-js/deque/-/deque-1.0.6.tgz",
      "integrity": "sha512-iEDbJUYT5xRQFFwmBAz1ZVHg7hh4cIJFjajsprDICSXh6nIdgFPW7RpvmHfGfSplpjG/iaBaS7fHc8e4zK0qzQ==",
      "license": "MIT"
    },
    "node_modules/@datastructures-js/graph": {
      "version": "5.3.1",
      "resolved": "https://registry.npmjs.org/@datastructures-js/graph/-/graph-5.3.1.tgz",
      "integrity": "sha512-tFuysPL+PKxaLitXcHeWZOwOwmSIaa5OzBh4CNSwYYnAVZRxItl50LiX432+AMo+WZLYpDEhTyXtLVlt3qtc9w==",
      "license": "MIT",
      "dependencies": {
        "@datastructures-js/queue": "^3.1.3"
      }
    },
    "node_modules/@datastructures-js/graph/node_modules/@datastructures-js/queue": {
      "version": "3.1.4",
      "resolved": "https://registry.npmjs.org/@datastructures-js/queue/-/queue-3.1.4.tgz",
      "integrity": "sha512-8QqkdAJQDDd25OBX28lKj7HXD+Cxs6Ee0ogJkZUjD5R1fAvRAWsrCeKop0szqANYjMwdQQd75vyc3Cm8qNJH+Q==",
      "license": "MIT"
    },
    "node_modules/@datastructures-js/heap": {
      "version": "4.3.5",
      "resolved": "https://registry.npmjs.org/@datastructures-js/heap/-/heap-4.3.5.tgz",
      "integrity": "sha512-zgO8KO26WnZdCxe72Ck+55mhUYmw/1CL/TueKSIIU6aqoOcXAqeaL2kRldJcXtCdJ43rqgIKYdEkiL07sQ+2VQ==",
      "license": "MIT"
    },
    "node_modules/@datastructures-js/linked-list": {
      "version": "6.1.4",
      "resolved": "https://registry.npmjs.org/@datastructures-js/linked-list/-/linked-list-6.1.4.tgz",
      "integrity": "sha512-lwM6KDBPgV9xxJMzozCqZzdofzc0fx8FPjNfrWDf8+u8Fm7zcjksvXrv6Z9dA2Kg40HZIUKqLPaQriqLhhAisg==",
      "license": "MIT"
    },
    "node_modules/@datastructures-js/priority-queue": {
      "version": "6.3.4",
      "resolved": "https://registry.npmjs.org/@datastructures-js/priority-queue/-/priority-queue-6.3.4.tgz",
      "integrity": "sha512-m8Jt1OkwyHsKRz6L1FWerz3Hw8iU5vqCdBI6khC8YNssF1kXKX6cs8Xc9Zt9ocPCxO/vZhAu/KnQ+uQ4Btw6AA==",
      "license": "MIT",
      "dependencies": {
        "@datastructures-js/heap": "^4.3.3"
      }
    },
    "node_modules/@datastructures-js/queue": {
      "version": "4.2.4",
      "resolved": "https://registry.npmjs.org/@datastructures-js/queue/-/queue-4.2.4.tgz",
      "integrity": "sha512-bSXv8lxmQA6xqW2U0CJLRAGB5x9SWkIM9KeuKCemdN+TlqACD2VwI5f6a/smwqbWuv/3JibWO4c0hJuPSxO61Q==",
      "license": "MIT"
    },
    "node_modules/@datastructures-js/set": {
      "version": "4.2.2",
      "resolved": "https://registry.npmjs.org/@datastructures-js/set/-/set-4.2.2.tgz",
      "integrity": "sha512-6TilB1kZV3elcT3PiXnzBzjgf+HqcfcbyPjL3q7fubIpaKwFF1qSjJjzXdE7s8utA6ptyQrhQiU6knhVPcDZMA==",
      "license": "MIT"
    },
    "node_modules/@datastructures-js/stack": {
      "version": "3.1.5",
      "resolved": "https://registry.npmjs.org/@datastructures-js/stack/-/stack-3.1.5.tgz",
      "integrity": "sha512-6Nkr6ClamRvGLFVc0v07diKso/c9g3JwTh9E84egn1eNcZt/MOPNthHiun5c6m5Jfq/9wT5bPzs7JUVCj8Xf8Q==",
      "license": "MIT"
    },
    "node_modules/@datastructures-js/trie": {
      "version": "4.2.3",
      "resolved": "https://registry.npmjs.org/@datastructures-js/trie/-/trie-4.2.3.tgz",
      "integrity": "sha512-4Iu2okR18BE3d/KQBKnpGZ+98cv/EwYl7wSwOU4yICxjSJfjUJixugBjh3kPhHe9Qf652qVDN/Ugp2dj4ak68w==",
      "license": "MIT"
    },
    "node_modules/@types/lodash": {
      "version": "4.17.20",
      "resolved": "https://registry.npmjs.org/@types/lodash/-/lodash-4.17.20.tgz",
      "integrity": "sha512-H3MHACvFUEiujabxhaI/ImO6gUrd8oOurg7LQtS7mbwIXA/cUqWrvBsaeJ23aZEPk1TAYkurjfMbSELfoCXlGA==",
      "dev": true,
      "license": "MIT"
    },
    "node_modules/datastructures-js": {
      "version": "13.0.0",
      "resolved": "https://registry.npmjs.org/datastructures-js/-/datastructures-js-13.0.0.tgz",
      "integrity": "sha512-3KLehk8sGWS2IuncLv0/Wxl1a1VtvQagLDtGNBw3SNbi7893PPxWT8dac+cuHA/N4V25BQL6pHF7IVjdaZFB3Q==",
      "license": "MIT",
      "dependencies": {
        "@datastructures-js/binary-search-tree": "^5.3.1",
        "@datastructures-js/deque": "^1.0.4",
        "@datastructures-js/graph": "^5.3.0",
        "@datastructures-js/heap": "^4.3.2",
        "@datastructures-js/linked-list": "^6.1.0",
        "@datastructures-js/priority-queue": "^6.3.0",
        "@datastructures-js/queue": "^4.2.3",
        "@datastructures-js/set": "^4.2.1",
        "@datastructures-js/stack": "^3.1.4",
        "@datastructures-js/trie": "^4.2.2"
      }
    },
    "node_modules/lodash": {
      "version": "4.17.21",
      "resolved": "https://registry.npmjs.org/lodash/-/lodash-4.17.21.tgz",
      "integrity": "sha512-v2kDEe57lecTulaDIuNTPy3Ry4gLGJ6Z1O3vE1krgXZNrsQ+LFTGHVxVjcXPs17LhbZVGedAJv8XZ1tvj5FvSg==",
      "license": "MIT"
    },
    "node_modules/typescript": {
      "version": "5.9.2",
      "resolved": "https://registry.npmjs.org/typescript/-/typescript-5.9.2.tgz",
      "integrity": "sha512-CWBzXQrc/qOkhidw1OzBTQuYRbfyxDXJMVJ1XNwUHGROVmuaeiEm3OslpZ1RV96d7SKKjZKrSJu3+t/xlw3R9A==",
      "dev": true,
      "license": "Apache-2.0",
      "bin": {
        "tsc": "bin/tsc",
        "tsserver": "bin/tsserver"
      },
      "engines": {
        "node": ">=14.17"
      }
    }
  }
}
